
Microsoft Visual Studio Solution File, Format Version 12.00
# Visual Studio Version 17
VisualStudioVersion = 17.14.36212.18
MinimumVisualStudioVersion = 10.0.40219.1
Project("{FAE04EC0-301F-11D3-BF4B-00C04F79EFBC}") = "PolyBabyAPI", "backend\\PolyBabyAPI.csproj", "{526CF026-64B5-49EA-9DD0-88DA26991A71}"
EndProject
Project("{FAE04EC0-301F-11D3-BF4B-00C04F79EFBC}") = "MyUnitTestLazPe", "MyUnitTestLazPe\MyUnitTestLazPe.csproj", "{ED3177AD-563E-4D6F-AF0D-78AD91F432FD}"
EndProject
Global
	GlobalSection(SolutionConfigurationPlatforms) = preSolution
		Debug|Any CPU = Debug|Any CPU
		Debug|x64 = Debug|x64
		Debug|x86 = Debug|x86
		Release|Any CPU = Release|Any CPU
		Release|x64 = Release|x64
		Release|x86 = Release|x86
	EndGlobalSection
	GlobalSection(ProjectConfigurationPlatforms) = postSolution
		{526CF026-64B5-49EA-9DD0-88DA26991A71}.Debug|Any CPU.ActiveCfg = Debug|Any CPU
		{526CF026-64B5-49EA-9DD0-88DA26991A71}.Debug|Any CPU.Build.0 = Debug|Any CPU
		{526CF026-64B5-49EA-9DD0-88DA26991A71}.Debug|x64.ActiveCfg = Debug|Any CPU
		{526CF026-64B5-49EA-9DD0-88DA26991A71}.Debug|x64.Build.0 = Debug|Any CPU
		{526CF026-64B5-49EA-9DD0-88DA26991A71}.Debug|x86.ActiveCfg = Debug|Any CPU
		{526CF026-64B5-49EA-9DD0-88DA26991A71}.Debug|x86.Build.0 = Debug|Any CPU
		{526CF026-64B5-49EA-9DD0-88DA26991A71}.Release|Any CPU.ActiveCfg = Release|Any CPU
		{526CF026-64B5-49EA-9DD0-88DA26991A71}.Release|Any CPU.Build.0 = Release|Any CPU
		{526CF026-64B5-49EA-9DD0-88DA26991A71}.Release|x64.ActiveCfg = Release|Any CPU
		{526CF026-64B5-49EA-9DD0-88DA26991A71}.Release|x64.Build.0 = Release|Any CPU
		{526CF026-64B5-49EA-9DD0-88DA26991A71}.Release|x86.ActiveCfg = Release|Any CPU
		{526CF026-64B5-49EA-9DD0-88DA26991A71}.Release|x86.Build.0 = Release|Any CPU
		{ED3177AD-563E-4D6F-AF0D-78AD91F432FD}.Debug|Any CPU.ActiveCfg = Debug|Any CPU
		{ED3177AD-563E-4D6F-AF0D-78AD91F432FD}.Debug|Any CPU.Build.0 = Debug|Any CPU
		{ED3177AD-563E-4D6F-AF0D-78AD91F432FD}.Debug|x64.ActiveCfg = Debug|Any CPU
		{ED3177AD-563E-4D6F-AF0D-78AD91F432FD}.Debug|x64.Build.0 = Debug|Any CPU
		{ED3177AD-563E-4D6F-AF0D-78AD91F432FD}.Debug|x86.ActiveCfg = Debug|Any CPU
		{ED3177AD-563E-4D6F-AF0D-78AD91F432FD}.Debug|x86.Build.0 = Debug|Any CPU
		{ED3177AD-563E-4D6F-AF0D-78AD91F432FD}.Release|Any CPU.ActiveCfg = Release|Any CPU
		{ED3177AD-563E-4D6F-AF0D-78AD91F432FD}.Release|Any CPU.Build.0 = Release|Any CPU
		{ED3177AD-563E-4D6F-AF0D-78AD91F432FD}.Release|x64.ActiveCfg = Release|Any CPU
		{ED3177AD-563E-4D6F-AF0D-78AD91F432FD}.Release|x64.Build.0 = Release|Any CPU
		{ED3177AD-563E-4D6F-AF0D-78AD91F432FD}.Release|x86.ActiveCfg = Release|Any CPU
		{ED3177AD-563E-4D6F-AF0D-78AD91F432FD}.Release|x86.Build.0 = Release|Any CPU
	EndGlobalSection
	GlobalSection(SolutionProperties) = preSolution
		HideSolutionNode = FALSE
	EndGlobalSection
	GlobalSection(ExtensibilityGlobals) = postSolution
		SolutionGuid = {C3F1981C-258A-47CE-9177-861098A717DD}
	EndGlobalSection
EndGlobal
